Microsoft Visual Studio Solution File, Format Version 11.00
# Visual Studio 2008

Project("{6B292066-3B1D-A3AC-BB1D-4662908B1F06}") = "Tracking_092616", "Assembly-CSharp-firstpass.csproj", "{16801926-6581-5805-F7D3-6143CBD35634}"
EndProject
Project("{6B292066-3B1D-A3AC-BB1D-4662908B1F06}") = "Tracking_092616", "Assembly-CSharp.csproj", "{CF07938B-7C69-C20E-3326-F9FA0046CB72}"
EndProject
Project("{6B292066-3B1D-A3AC-BB1D-4662908B1F06}") = "Tracking_092616", "Assembly-CSharp-Editor.csproj", "{78F39C2E-B389-432A-5731-17FB816DBE34}"
EndProject
Global
	GlobalSection(SolutionConfigurationPlatforms) = preSolution
		Debug|Any CPU = Debug|Any CPU
		Release|Any CPU = Release|Any CPU
	EndGlobalSection
	GlobalSection(ProjectConfigurationPlatforms) = postSolution
		{16801926-6581-5805-F7D3-6143CBD35634}.Debug|Any CPU.ActiveCfg = Debug|Any CPU
		{16801926-6581-5805-F7D3-6143CBD35634}.Debug|Any CPU.Build.0 = Debug|Any CPU
		{16801926-6581-5805-F7D3-6143CBD35634}.Release|Any CPU.ActiveCfg = Release|Any CPU
		{16801926-6581-5805-F7D3-6143CBD35634}.Release|Any CPU.Build.0 = Release|Any CPU
		{CF07938B-7C69-C20E-3326-F9FA0046CB72}.Debug|Any CPU.ActiveCfg = Debug|Any CPU
		{CF07938B-7C69-C20E-3326-F9FA0046CB72}.Debug|Any CPU.Build.0 = Debug|Any CPU
		{CF07938B-7C69-C20E-3326-F9FA0046CB72}.Release|Any CPU.ActiveCfg = Release|Any CPU
		{CF07938B-7C69-C20E-3326-F9FA0046CB72}.Release|Any CPU.Build.0 = Release|Any CPU
		{78F39C2E-B389-432A-5731-17FB816DBE34}.Debug|Any CPU.ActiveCfg = Debug|Any CPU
		{78F39C2E-B389-432A-5731-17FB816DBE34}.Debug|Any CPU.Build.0 = Debug|Any CPU
		{78F39C2E-B389-432A-5731-17FB816DBE34}.Release|Any CPU.ActiveCfg = Release|Any CPU
		{78F39C2E-B389-432A-5731-17FB816DBE34}.Release|Any CPU.Build.0 = Release|Any CPU
	EndGlobalSection
	GlobalSection(SolutionProperties) = preSolution
		HideSolutionNode = FALSE
	EndGlobalSection
	GlobalSection(MonoDevelopProperties) = preSolution
		StartupItem = Assembly-CSharp.csproj
	EndGlobalSection
EndGlobal
